PODS:
  - PMAlertController (3.2.0)
  - RNCryptor-objc (3.0.6)
  - SocketRocket (0.5.1)

DEPENDENCIES:
  - PMAlertController (from `https://github.com/mokten/PMAlertController.git`, branch `develop`)
  - RNCryptor-objc
  - SocketRocket

SPEC REPOS:
  https://github.com/cocoapods/specs.git:
    - RNCryptor-objc
    - SocketRocket

EXTERNAL SOURCES:
  PMAlertController:
    :branch: develop
    :git: https://github.com/mokten/PMAlertController.git

CHECKOUT OPTIONS:
  PMAlertController:
    :commit: e2e2941646043069febc228333e6d0eecbb3b077
    :git: https://github.com/mokten/PMAlertController.git

SPEC CHECKSUMS:
  PMAlertController: 5ed781ed6849c9d810480925c44a089c8e4fa41d
  RNCryptor-objc: d1b228f9c02e2173df063f0617684c134aed890e
  SocketRocket: d57c7159b83c3c6655745cd15302aa24b6bae531

PODFILE CHECKSUM: 7eef92f745725266a031e4ed723033727a4318ab

COCOAPODS: 1.5.2
